
Microsoft Visual Studio Solution File, Format Version 12.00
# Visual Studio 14
VisualStudioVersion = 14.0.24720.0
MinimumVisualStudioVersion = 10.0.40219.1
Project("{FAE04EC0-301F-11D3-BF4B-00C04F79EFBC}") = "DapperDemo", "DapperDemo\DapperDemo.csproj", "{D158A73A-9D6E-49F5-A2EA-1DA258514AEB}"
EndProject
Project("{00D1A9C2-B5F0-4AF3-8072-F6C62B433612}") = "Database1", "Database1\Database1.sqlproj", "{43B1CFCC-3D05-4B74-B66A-6D3C88541457}"
EndProject
Global
	GlobalSection(SolutionConfigurationPlatforms) = preSolution
		Debug|Any CPU = Debug|Any CPU
		Release|Any CPU = Release|Any CPU
	EndGlobalSection
	GlobalSection(ProjectConfigurationPlatforms) = postSolution
		{D158A73A-9D6E-49F5-A2EA-1DA258514AEB}.Debug|Any CPU.ActiveCfg = Debug|Any CPU
		{D158A73A-9D6E-49F5-A2EA-1DA258514AEB}.Debug|Any CPU.Build.0 = Debug|Any CPU
		{D158A73A-9D6E-49F5-A2EA-1DA258514AEB}.Release|Any CPU.ActiveCfg = Release|Any CPU
		{D158A73A-9D6E-49F5-A2EA-1DA258514AEB}.Release|Any CPU.Build.0 = Release|Any CPU
		{43B1CFCC-3D05-4B74-B66A-6D3C88541457}.Debug|Any CPU.ActiveCfg = Debug|Any CPU
		{43B1CFCC-3D05-4B74-B66A-6D3C88541457}.Debug|Any CPU.Build.0 = Debug|Any CPU
		{43B1CFCC-3D05-4B74-B66A-6D3C88541457}.Debug|Any CPU.Deploy.0 = Debug|Any CPU
		{43B1CFCC-3D05-4B74-B66A-6D3C88541457}.Release|Any CPU.ActiveCfg = Release|Any CPU
		{43B1CFCC-3D05-4B74-B66A-6D3C88541457}.Release|Any CPU.Build.0 = Release|Any CPU
		{43B1CFCC-3D05-4B74-B66A-6D3C88541457}.Release|Any CPU.Deploy.0 = Release|Any CPU
	EndGlobalSection
	GlobalSection(SolutionProperties) = preSolution
		HideSolutionNode = FALSE
	EndGlobalSection
EndGlobal
